
Microsoft Visual Studio Solution File, Format Version 12.00
# Visual Studio Version 16
VisualStudioVersion = 16.0.32126.315
MinimumVisualStudioVersion = 10.0.40219.1
Project("{9A19103F-16F7-4668-BE54-9A1E7A4F7556}") = "SimpleCrm.web", "simpleCrm.web\SimpleCrm.web.csproj", "{DD2312F3-AF37-48BB-AB57-D0FD6CCAD6DA}"
EndProject
Project("{9A19103F-16F7-4668-BE54-9A1E7A4F7556}") = "SimpleCrm", "SimpleCrm\SimpleCrm.csproj", "{AF4BC1FC-8530-4308-BAC4-BC881474DE69}"
EndProject
Global
	GlobalSection(SolutionConfigurationPlatforms) = preSolution
		Debug|Any CPU = Debug|Any CPU
		Release|Any CPU = Release|Any CPU
	EndGlobalSection
	GlobalSection(ProjectConfigurationPlatforms) = postSolution
		{DD2312F3-AF37-48BB-AB57-D0FD6CCAD6DA}.Debug|Any CPU.ActiveCfg = Debug|Any CPU
		{DD2312F3-AF37-48BB-AB57-D0FD6CCAD6DA}.Debug|Any CPU.Build.0 = Debug|Any CPU
		{DD2312F3-AF37-48BB-AB57-D0FD6CCAD6DA}.Release|Any CPU.ActiveCfg = Release|Any CPU
		{DD2312F3-AF37-48BB-AB57-D0FD6CCAD6DA}.Release|Any CPU.Build.0 = Release|Any CPU
		{AF4BC1FC-8530-4308-BAC4-BC881474DE69}.Debug|Any CPU.ActiveCfg = Debug|Any CPU
		{AF4BC1FC-8530-4308-BAC4-BC881474DE69}.Debug|Any CPU.Build.0 = Debug|Any CPU
		{AF4BC1FC-8530-4308-BAC4-BC881474DE69}.Release|Any CPU.ActiveCfg = Release|Any CPU
		{AF4BC1FC-8530-4308-BAC4-BC881474DE69}.Release|Any CPU.Build.0 = Release|Any CPU
	EndGlobalSection
	GlobalSection(SolutionProperties) = preSolution
		HideSolutionNode = FALSE
	EndGlobalSection
	GlobalSection(ExtensibilityGlobals) = postSolution
		SolutionGuid = {E684AF93-1428-426C-95FB-BF5C329E059E}
	EndGlobalSection
EndGlobal
